
Microsoft Visual Studio Solution File, Format Version 12.00
# Visual Studio Version 16
VisualStudioVersion = 16.0.31129.286
MinimumVisualStudioVersion = 10.0.40219.1
Project("{FAE04EC0-301F-11D3-BF4B-00C04F79EFBC}") = "Produktverwaltung", "Produktverwaltung\Produktverwaltung.csproj", "{EE37FF38-8BDA-4DC2-AB5D-E9F7ABC52E46}"
EndProject
Global
	GlobalSection(SolutionConfigurationPlatforms) = preSolution
		Debug|Any CPU = Debug|Any CPU
		Release|Any CPU = Release|Any CPU
	EndGlobalSection
	GlobalSection(ProjectConfigurationPlatforms) = postSolution
		{EE37FF38-8BDA-4DC2-AB5D-E9F7ABC52E46}.Debug|Any CPU.ActiveCfg = Debug|Any CPU
		{EE37FF38-8BDA-4DC2-AB5D-E9F7ABC52E46}.Debug|Any CPU.Build.0 = Debug|Any CPU
		{EE37FF38-8BDA-4DC2-AB5D-E9F7ABC52E46}.Release|Any CPU.ActiveCfg = Release|Any CPU
		{EE37FF38-8BDA-4DC2-AB5D-E9F7ABC52E46}.Release|Any CPU.Build.0 = Release|Any CPU
	EndGlobalSection
	GlobalSection(SolutionProperties) = preSolution
		HideSolutionNode = FALSE
	EndGlobalSection
	GlobalSection(ExtensibilityGlobals) = postSolution
		SolutionGuid = {9E67B800-3A00-4FEE-A1DB-0057DAC857FA}
	EndGlobalSection
EndGlobal
